
Microsoft Visual Studio Solution File, Format Version 12.00
# Visual Studio Version 17
VisualStudioVersion = 17.1.32414.318
MinimumVisualStudioVersion = 10.0.40219.1
Project("{FAE04EC0-301F-11D3-BF4B-00C04F79EFBC}") = "StockApplication", "StockApplication\StockApplication.csproj", "{5B294350-B947-403A-A887-8515DA08B9F0}"
EndProject
Global
	GlobalSection(SolutionConfigurationPlatforms) = preSolution
		Debug|Any CPU = Debug|Any CPU
		Release|Any CPU = Release|Any CPU
	EndGlobalSection
	GlobalSection(ProjectConfigurationPlatforms) = postSolution
		{5B294350-B947-403A-A887-8515DA08B9F0}.Debug|Any CPU.ActiveCfg = Debug|Any CPU
		{5B294350-B947-403A-A887-8515DA08B9F0}.Debug|Any CPU.Build.0 = Debug|Any CPU
		{5B294350-B947-403A-A887-8515DA08B9F0}.Release|Any CPU.ActiveCfg = Release|Any CPU
		{5B294350-B947-403A-A887-8515DA08B9F0}.Release|Any CPU.Build.0 = Release|Any CPU
	EndGlobalSection
	GlobalSection(SolutionProperties) = preSolution
		HideSolutionNode = FALSE
	EndGlobalSection
	GlobalSection(ExtensibilityGlobals) = postSolution
		SolutionGuid = {38376844-A326-46AA-B6FB-365E7D1A361B}
	EndGlobalSection
EndGlobal
